
Microsoft Visual Studio Solution File, Format Version 12.00
# Visual Studio Version 17
VisualStudioVersion = 17.4.33110.190
MinimumVisualStudioVersion = 10.0.40219.1
Project("{FAE04EC0-301F-11D3-BF4B-00C04F79EFBC}") = "ConsoleApp", "ConsoleApp\ConsoleApp.csproj", "{8AE2263C-ADFB-48FB-9470-68CCFDB4B531}"
EndProject
Project("{FAE04EC0-301F-11D3-BF4B-00C04F79EFBC}") = "ConsoleApp.Test.xUnit", "ConsoleApp.Test.xUnit\ConsoleApp.Test.xUnit.csproj", "{A1747FB3-C1A5-427C-BCD5-676686E6820E}"
EndProject
Project("{FAE04EC0-301F-11D3-BF4B-00C04F79EFBC}") = "ConsoleApp.Test.NUnit", "ConsoleApp.Test.NUnit\ConsoleApp.Test.NUnit.csproj", "{4C798E44-D293-4ABC-BD3A-704211A20C7A}"
EndProject
Project("{FAE04EC0-301F-11D3-BF4B-00C04F79EFBC}") = "ConsoleApp.Test.MSTest", "ConsoleApp.Test.MSTest\ConsoleApp.Test.MSTest.csproj", "{C883FD2B-A2CB-4AB3-A4FF-CBE22C761DD4}"
EndProject
Global
	GlobalSection(SolutionConfigurationPlatforms) = preSolution
		Debug|Any CPU = Debug|Any CPU
		Release|Any CPU = Release|Any CPU
	EndGlobalSection
	GlobalSection(ProjectConfigurationPlatforms) = postSolution
		{8AE2263C-ADFB-48FB-9470-68CCFDB4B531}.Debug|Any CPU.ActiveCfg = Debug|Any CPU
		{8AE2263C-ADFB-48FB-9470-68CCFDB4B531}.Debug|Any CPU.Build.0 = Debug|Any CPU
		{8AE2263C-ADFB-48FB-9470-68CCFDB4B531}.Release|Any CPU.ActiveCfg = Release|Any CPU
		{8AE2263C-ADFB-48FB-9470-68CCFDB4B531}.Release|Any CPU.Build.0 = Release|Any CPU
		{A1747FB3-C1A5-427C-BCD5-676686E6820E}.Debug|Any CPU.ActiveCfg = Debug|Any CPU
		{A1747FB3-C1A5-427C-BCD5-676686E6820E}.Debug|Any CPU.Build.0 = Debug|Any CPU
		{A1747FB3-C1A5-427C-BCD5-676686E6820E}.Release|Any CPU.ActiveCfg = Release|Any CPU
		{A1747FB3-C1A5-427C-BCD5-676686E6820E}.Release|Any CPU.Build.0 = Release|Any CPU
		{4C798E44-D293-4ABC-BD3A-704211A20C7A}.Debug|Any CPU.ActiveCfg = Debug|Any CPU
		{4C798E44-D293-4ABC-BD3A-704211A20C7A}.Debug|Any CPU.Build.0 = Debug|Any CPU
		{4C798E44-D293-4ABC-BD3A-704211A20C7A}.Release|Any CPU.ActiveCfg = Release|Any CPU
		{4C798E44-D293-4ABC-BD3A-704211A20C7A}.Release|Any CPU.Build.0 = Release|Any CPU
		{C883FD2B-A2CB-4AB3-A4FF-CBE22C761DD4}.Debug|Any CPU.ActiveCfg = Debug|Any CPU
		{C883FD2B-A2CB-4AB3-A4FF-CBE22C761DD4}.Debug|Any CPU.Build.0 = Debug|Any CPU
		{C883FD2B-A2CB-4AB3-A4FF-CBE22C761DD4}.Release|Any CPU.ActiveCfg = Release|Any CPU
		{C883FD2B-A2CB-4AB3-A4FF-CBE22C761DD4}.Release|Any CPU.Build.0 = Release|Any CPU
	EndGlobalSection
	GlobalSection(SolutionProperties) = preSolution
		HideSolutionNode = FALSE
	EndGlobalSection
	GlobalSection(ExtensibilityGlobals) = postSolution
		SolutionGuid = {7B003604-EA47-4CED-9A91-13E36F3AF66A}
	EndGlobalSection
EndGlobal
